{
  "name": "npm_ci_demo",
  "version": "1.0.0",
  "lockfileVersion": 2,
  "requires": true,
  "packages": {
    "": {
      "name": "npm_ci_demo",
      "version": "1.0.0",
      "license": "ISC",
      "dependencies": {
        "shuliqi-npm-demo": "^1.0.21"
      }
    },
    "node_modules/shuliqi-npm-demo": {
      "version": "1.0.21",
      "resolved": "https://registry.npmjs.org/shuliqi-npm-demo/-/shuliqi-npm-demo-1.0.21.tgz",
      "integrity": "sha512-8ANAqSiqwSWjRlDSIVmc/Lk/o5FVGNoiav72sMw+nLarPNwfDB+5NQSuflF7z3afdF/Jff756qC55Dx2nLQnJw==",
      "hasInstallScript": true
    }
  },
  "dependencies": {
    "shuliqi-npm-demo": {
      "version": "1.0.21",
      "resolved": "https://registry.npmjs.org/shuliqi-npm-demo/-/shuliqi-npm-demo-1.0.21.tgz",
      "integrity": "sha512-8ANAqSiqwSWjRlDSIVmc/Lk/o5FVGNoiav72sMw+nLarPNwfDB+5NQSuflF7z3afdF/Jff756qC55Dx2nLQnJw=="
    }
  }
}
